
Microsoft Visual Studio Solution File, Format Version 12.00
# Visual Studio Version 17
VisualStudioVersion = 17.4.33213.308
MinimumVisualStudioVersion = 10.0.40219.1
Project("{FAE04EC0-301F-11D3-BF4B-00C04F79EFBC}") = "Assembly-CSharp", "SimCovid\Assembly-CSharp.csproj", "{0662D2EE-CBE6-BC5F-2804-ADD49B406468}"
EndProject
Project("{FAE04EC0-301F-11D3-BF4B-00C04F79EFBC}") = "SimCovidCoreMod", "SimCovidCoreMod\SimCovidCoreMod.csproj", "{9017D69C-7165-49B1-8A21-0D898030CD75}"
EndProject
Project("{FAE04EC0-301F-11D3-BF4B-00C04F79EFBC}") = "UI", "SimCovid\UI.csproj", "{2CD16C60-93C6-5F8E-F793-56C86030576B}"
EndProject
Project("{FAE04EC0-301F-11D3-BF4B-00C04F79EFBC}") = "Core", "SimCovid\Core.csproj", "{6674A08D-6C44-D2CB-CE2A-0EA557F407BD}"
EndProject
Project("{FAE04EC0-301F-11D3-BF4B-00C04F79EFBC}") = "SimCovidAPI", "SimCovid\SimCovidAPI.csproj", "{86F01D4E-6878-EF02-9253-3D5D88ABA3F9}"
EndProject
Project("{FAE04EC0-301F-11D3-BF4B-00C04F79EFBC}") = "EditMode", "SimCovid\EditMode.csproj", "{9BABBAB7-6B6B-500E-840B-95D2908C5367}"
EndProject
Project("{FAE04EC0-301F-11D3-BF4B-00C04F79EFBC}") = "PlayMode", "SimCovid\PlayMode.csproj", "{0566B19A-ADEE-261A-B812-D50F73346F3A}"
EndProject
Global
	GlobalSection(SolutionConfigurationPlatforms) = preSolution
		Debug|Any CPU = Debug|Any CPU
		Release|Any CPU = Release|Any CPU
	EndGlobalSection
	GlobalSection(ProjectConfigurationPlatforms) = postSolution
		{0662D2EE-CBE6-BC5F-2804-ADD49B406468}.Debug|Any CPU.ActiveCfg = Debug|Any CPU
		{0662D2EE-CBE6-BC5F-2804-ADD49B406468}.Debug|Any CPU.Build.0 = Debug|Any CPU
		{0662D2EE-CBE6-BC5F-2804-ADD49B406468}.Release|Any CPU.ActiveCfg = Release|Any CPU
		{0662D2EE-CBE6-BC5F-2804-ADD49B406468}.Release|Any CPU.Build.0 = Release|Any CPU
		{9017D69C-7165-49B1-8A21-0D898030CD75}.Debug|Any CPU.ActiveCfg = Debug|Any CPU
		{9017D69C-7165-49B1-8A21-0D898030CD75}.Debug|Any CPU.Build.0 = Debug|Any CPU
		{9017D69C-7165-49B1-8A21-0D898030CD75}.Release|Any CPU.ActiveCfg = Release|Any CPU
		{9017D69C-7165-49B1-8A21-0D898030CD75}.Release|Any CPU.Build.0 = Release|Any CPU
		{2CD16C60-93C6-5F8E-F793-56C86030576B}.Debug|Any CPU.ActiveCfg = Debug|Any CPU
		{2CD16C60-93C6-5F8E-F793-56C86030576B}.Debug|Any CPU.Build.0 = Debug|Any CPU
		{2CD16C60-93C6-5F8E-F793-56C86030576B}.Release|Any CPU.ActiveCfg = Release|Any CPU
		{2CD16C60-93C6-5F8E-F793-56C86030576B}.Release|Any CPU.Build.0 = Release|Any CPU
		{6674A08D-6C44-D2CB-CE2A-0EA557F407BD}.Debug|Any CPU.ActiveCfg = Debug|Any CPU
		{6674A08D-6C44-D2CB-CE2A-0EA557F407BD}.Debug|Any CPU.Build.0 = Debug|Any CPU
		{6674A08D-6C44-D2CB-CE2A-0EA557F407BD}.Release|Any CPU.ActiveCfg = Release|Any CPU
		{6674A08D-6C44-D2CB-CE2A-0EA557F407BD}.Release|Any CPU.Build.0 = Release|Any CPU
		{86F01D4E-6878-EF02-9253-3D5D88ABA3F9}.Debug|Any CPU.ActiveCfg = Debug|Any CPU
		{86F01D4E-6878-EF02-9253-3D5D88ABA3F9}.Debug|Any CPU.Build.0 = Debug|Any CPU
		{86F01D4E-6878-EF02-9253-3D5D88ABA3F9}.Release|Any CPU.ActiveCfg = Debug|Any CPU
		{86F01D4E-6878-EF02-9253-3D5D88ABA3F9}.Release|Any CPU.Build.0 = Debug|Any CPU
		{9BABBAB7-6B6B-500E-840B-95D2908C5367}.Debug|Any CPU.ActiveCfg = Debug|Any CPU
		{9BABBAB7-6B6B-500E-840B-95D2908C5367}.Debug|Any CPU.Build.0 = Debug|Any CPU
		{9BABBAB7-6B6B-500E-840B-95D2908C5367}.Release|Any CPU.ActiveCfg = Debug|Any CPU
		{9BABBAB7-6B6B-500E-840B-95D2908C5367}.Release|Any CPU.Build.0 = Debug|Any CPU
		{0566B19A-ADEE-261A-B812-D50F73346F3A}.Debug|Any CPU.ActiveCfg = Debug|Any CPU
		{0566B19A-ADEE-261A-B812-D50F73346F3A}.Debug|Any CPU.Build.0 = Debug|Any CPU
		{0566B19A-ADEE-261A-B812-D50F73346F3A}.Release|Any CPU.ActiveCfg = Debug|Any CPU
		{0566B19A-ADEE-261A-B812-D50F73346F3A}.Release|Any CPU.Build.0 = Debug|Any CPU
	EndGlobalSection
	GlobalSection(SolutionProperties) = preSolution
		HideSolutionNode = FALSE
	EndGlobalSection
	GlobalSection(ExtensibilityGlobals) = postSolution
		SolutionGuid = {34505892-1FD7-464F-B176-CDCFCFB019B0}
	EndGlobalSection
EndGlobal
